
Microsoft Visual Studio Solution File, Format Version 12.00
# Visual Studio Version 17
VisualStudioVersion = 17.8.34330.188
MinimumVisualStudioVersion = 10.0.40219.1
Project("{FAE04EC0-301F-11D3-BF4B-00C04F79EFBC}") = "IHSUniversities", "IHSUniversities\IHSUniversities.csproj", "{F50ECBA9-88ED-4133-9D37-A2CC65B38538}"
EndProject
Global
	GlobalSection(SolutionConfigurationPlatforms) = preSolution
		Debug|Any CPU = Debug|Any CPU
		Release|Any CPU = Release|Any CPU
	EndGlobalSection
	GlobalSection(ProjectConfigurationPlatforms) = postSolution
		{F50ECBA9-88ED-4133-9D37-A2CC65B38538}.Debug|Any CPU.ActiveCfg = Debug|Any CPU
		{F50ECBA9-88ED-4133-9D37-A2CC65B38538}.Debug|Any CPU.Build.0 = Debug|Any CPU
		{F50ECBA9-88ED-4133-9D37-A2CC65B38538}.Release|Any CPU.ActiveCfg = Release|Any CPU
		{F50ECBA9-88ED-4133-9D37-A2CC65B38538}.Release|Any CPU.Build.0 = Release|Any CPU
	EndGlobalSection
	GlobalSection(SolutionProperties) = preSolution
		HideSolutionNode = FALSE
	EndGlobalSection
	GlobalSection(ExtensibilityGlobals) = postSolution
		SolutionGuid = {0759309D-1FBB-4F48-B7A7-426387D0902C}
	EndGlobalSection
EndGlobal
